// !$*UTF8*$!
{
	archiveVersion = 1;
	classes = {
	};
	objectVersion = 52;
	objects = {

/* Begin PBXBuildFile section */
		9382905B2390C0B7002E6E28 /* AppDelegate.swift in Sources */ = {isa = PBXBuildFile; fileRef = 9382905A2390C0B7002E6E28 /* AppDelegate.swift */; };
		9382905D2390C0B7002E6E28 /* SceneDelegate.swift in Sources */ = {isa = PBXBuildFile; fileRef = 9382905C2390C0B7002E6E28 /* SceneDelegate.swift */; };
		9382905F2390C0B7002E6E28 /* RootView.swift in Sources */ = {isa = PBXBuildFile; fileRef = 9382905E2390C0B7002E6E28 /* RootView.swift */; };
		938290612390C0B9002E6E28 /* Assets.xcassets in Resources */ = {isa = PBXBuildFile; fileRef = 938290602390C0B9002E6E28 /* Assets.xcassets */; };
		938290642390C0B9002E6E28 /* Preview Assets.xcassets in Resources */ = {isa = PBXBuildFile; fileRef = 938290632390C0B9002E6E28 /* Preview Assets.xcassets */; };
		938290672390C0B9002E6E28 /* LaunchScreen.storyboard in Resources */ = {isa = PBXBuildFile; fileRef = 938290652390C0B9002E6E28 /* LaunchScreen.storyboard */; };
		938290702390C173002E6E28 /* MainTabView.swift in Sources */ = {isa = PBXBuildFile; fileRef = 9382906F2390C173002E6E28 /* MainTabView.swift */; };
		938290722390C1D9002E6E28 /* FirstButtonTabView.swift in Sources */ = {isa = PBXBuildFile; fileRef = 938290712390C1D9002E6E28 /* FirstButtonTabView.swift */; };
		938290742390C2C5002E6E28 /* ListTabView.swift in Sources */ = {isa = PBXBuildFile; fileRef = 938290732390C2C5002E6E28 /* ListTabView.swift */; };
		938290762390C3A1002E6E28 /* ModalTabView.swift in Sources */ = {isa = PBXBuildFile; fileRef = 938290752390C3A1002E6E28 /* ModalTabView.swift */; };
		938290782390C3DF002E6E28 /* ModalView.swift in Sources */ = {isa = PBXBuildFile; fileRef = 938290772390C3DF002E6E28 /* ModalView.swift */; };
		9382907C2390C756002E6E28 /* Match.swift in Sources */ = {isa = PBXBuildFile; fileRef = 9382907B2390C756002E6E28 /* Match.swift */; };
		9382907E2390C7C0002E6E28 /* Statistics.swift in Sources */ = {isa = PBXBuildFile; fileRef = 9382907D2390C7C0002E6E28 /* Statistics.swift */; };
		938290802390C81C002E6E28 /* MatchesListViewModel.swift in Sources */ = {isa = PBXBuildFile; fileRef = 9382907F2390C81C002E6E28 /* MatchesListViewModel.swift */; };
		938290842390CDC0002E6E28 /* MatchDetailsView.swift in Sources */ = {isa = PBXBuildFile; fileRef = 938290832390CDC0002E6E28 /* MatchDetailsView.swift */; };
		938290872390CE6F002E6E28 /* DateExtensions.swift in Sources */ = {isa = PBXBuildFile; fileRef = 938290862390CE6F002E6E28 /* DateExtensions.swift */; };
		938290AA2394C5F7002E6E28 /* BetterSheet in Frameworks */ = {isa = PBXBuildFile; productRef = 938290A92394C5F7002E6E28 /* BetterSheet */; };
		939A98B223A7A27000250C7B /* APIHelper.swift in Sources */ = {isa = PBXBuildFile; fileRef = 939A98A223A7A27000250C7B /* APIHelper.swift */; };
		939A98B323A7A27000250C7B /* AlamofireImplementations.swift in Sources */ = {isa = PBXBuildFile; fileRef = 939A98A323A7A27000250C7B /* AlamofireImplementations.swift */; };
		939A98B423A7A27000250C7B /* CharactersAPI.swift in Sources */ = {isa = PBXBuildFile; fileRef = 939A98A523A7A27000250C7B /* CharactersAPI.swift */; };
		939A98B523A7A27000250C7B /* CodableHelper.swift in Sources */ = {isa = PBXBuildFile; fileRef = 939A98A623A7A27000250C7B /* CodableHelper.swift */; };
		939A98B623A7A27000250C7B /* JSONEncodableEncoding.swift in Sources */ = {isa = PBXBuildFile; fileRef = 939A98A723A7A27000250C7B /* JSONEncodableEncoding.swift */; };
		939A98B723A7A27000250C7B /* APIs.swift in Sources */ = {isa = PBXBuildFile; fileRef = 939A98A823A7A27000250C7B /* APIs.swift */; };
		939A98B823A7A27000250C7B /* Info.swift in Sources */ = {isa = PBXBuildFile; fileRef = 939A98AA23A7A27000250C7B /* Info.swift */; };
		939A98B923A7A27000250C7B /* CharactersList.swift in Sources */ = {isa = PBXBuildFile; fileRef = 939A98AB23A7A27000250C7B /* CharactersList.swift */; };
		939A98BA23A7A27000250C7B /* ModelCharacter.swift in Sources */ = {isa = PBXBuildFile; fileRef = 939A98AC23A7A27000250C7B /* ModelCharacter.swift */; };
		939A98BB23A7A27000250C7B /* ErrorModel.swift in Sources */ = {isa = PBXBuildFile; fileRef = 939A98AD23A7A27000250C7B /* ErrorModel.swift */; };
		939A98BC23A7A27000250C7B /* Extensions.swift in Sources */ = {isa = PBXBuildFile; fileRef = 939A98AE23A7A27000250C7B /* Extensions.swift */; };
		939A98BD23A7A27000250C7B /* JSONEncodingHelper.swift in Sources */ = {isa = PBXBuildFile; fileRef = 939A98AF23A7A27000250C7B /* JSONEncodingHelper.swift */; };
		939A98BE23A7A27000250C7B /* Models.swift in Sources */ = {isa = PBXBuildFile; fileRef = 939A98B023A7A27000250C7B /* Models.swift */; };
		939A98BF23A7A27000250C7B /* Configuration.swift in Sources */ = {isa = PBXBuildFile; fileRef = 939A98B123A7A27000250C7B /* Configuration.swift */; };
		939A98C123A7A2AE00250C7B /* RandomAccessCollectionExtensions.swift in Sources */ = {isa = PBXBuildFile; fileRef = 939A98C023A7A2AE00250C7B /* RandomAccessCollectionExtensions.swift */; };
		939A98C423A7A2EC00250C7B /* CharactersListView.swift in Sources */ = {isa = PBXBuildFile; fileRef = 939A98C323A7A2EC00250C7B /* CharactersListView.swift */; };
		939A98C723A7A3AA00250C7B /* Alamofire in Frameworks */ = {isa = PBXBuildFile; productRef = 939A98C623A7A3AA00250C7B /* Alamofire */; };
		939A98C923A7A49600250C7B /* CharactersListViewModel.swift in Sources */ = {isa = PBXBuildFile; fileRef = 939A98C823A7A49600250C7B /* CharactersListViewModel.swift */; };
/* End PBXBuildFile section */

/* Begin PBXFileReference section */
		938290572390C0B7002E6E28 /* OTUSLesson1_SwiftUI.app */ = {isa = PBXFileReference; explicitFileType = wrapper.application; includeInIndex = 0; path = OTUSLesson1_SwiftUI.app; sourceTree = BUILT_PRODUCTS_DIR; };
		9382905A2390C0B7002E6E28 /* AppDelegate.swift */ = {isa = PBXFileReference; lastKnownFileType = sourcecode.swift; path = AppDelegate.swift; sourceTree = "<group>"; };
		9382905C2390C0B7002E6E28 /* SceneDelegate.swift */ = {isa = PBXFileReference; lastKnownFileType = sourcecode.swift; path = SceneDelegate.swift; sourceTree = "<group>"; };
		9382905E2390C0B7002E6E28 /* RootView.swift */ = {isa = PBXFileReference; lastKnownFileType = sourcecode.swift; path = RootView.swift; sourceTree = "<group>"; };
		938290602390C0B9002E6E28 /* Assets.xcassets */ = {isa = PBXFileReference; lastKnownFileType = folder.assetcatalog; path = Assets.xcassets; sourceTree = "<group>"; };
		938290632390C0B9002E6E28 /* Preview Assets.xcassets */ = {isa = PBXFileReference; lastKnownFileType = folder.assetcatalog; path = "Preview Assets.xcassets"; sourceTree = "<group>"; };
		938290662390C0B9002E6E28 /* Base */ = {isa = PBXFileReference; lastKnownFileType = file.storyboard; name = Base; path = Base.lproj/LaunchScreen.storyboard; sourceTree = "<group>"; };
		938290682390C0B9002E6E28 /* Info.plist */ = {isa = PBXFileReference; lastKnownFileType = text.plist.xml; path = Info.plist; sourceTree = "<group>"; };
		9382906F2390C173002E6E28 /* MainTabView.swift */ = {isa = PBXFileReference; lastKnownFileType = sourcecode.swift; path = MainTabView.swift; sourceTree = "<group>"; };
		938290712390C1D9002E6E28 /* FirstButtonTabView.swift */ = {isa = PBXFileReference; lastKnownFileType = sourcecode.swift; path = FirstButtonTabView.swift; sourceTree = "<group>"; };
		938290732390C2C5002E6E28 /* ListTabView.swift */ = {isa = PBXFileReference; lastKnownFileType = sourcecode.swift; path = ListTabView.swift; sourceTree = "<group>"; };
		938290752390C3A1002E6E28 /* ModalTabView.swift */ = {isa = PBXFileReference; lastKnownFileType = sourcecode.swift; path = ModalTabView.swift; sourceTree = "<group>"; };
		938290772390C3DF002E6E28 /* ModalView.swift */ = {isa = PBXFileReference; lastKnownFileType = sourcecode.swift; path = ModalView.swift; sourceTree = "<group>"; };
		9382907B2390C756002E6E28 /* Match.swift */ = {isa = PBXFileReference; lastKnownFileType = sourcecode.swift; path = Match.swift; sourceTree = "<group>"; };
		9382907D2390C7C0002E6E28 /* Statistics.swift */ = {isa = PBXFileReference; lastKnownFileType = sourcecode.swift; path = Statistics.swift; sourceTree = "<group>"; };
		9382907F2390C81C002E6E28 /* MatchesListViewModel.swift */ = {isa = PBXFileReference; lastKnownFileType = sourcecode.swift; path = MatchesListViewModel.swift; sourceTree = "<group>"; };
		938290832390CDC0002E6E28 /* MatchDetailsView.swift */ = {isa = PBXFileReference; lastKnownFileType = sourcecode.swift; path = MatchDetailsView.swift; sourceTree = "<group>"; };
		938290862390CE6F002E6E28 /* DateExtensions.swift */ = {isa = PBXFileReference; lastKnownFileType = sourcecode.swift; path = DateExtensions.swift; sourceTree = "<group>"; };
		939A98A223A7A27000250C7B /* APIHelper.swift */ = {isa = PBXFileReference; fileEncoding = 4; lastKnownFileType = sourcecode.swift; path = APIHelper.swift; sourceTree = "<group>"; };
		939A98A323A7A27000250C7B /* AlamofireImplementations.swift */ = {isa = PBXFileReference; fileEncoding = 4; lastKnownFileType = sourcecode.swift; path = AlamofireImplementations.swift; sourceTree = "<group>"; };
		939A98A523A7A27000250C7B /* CharactersAPI.swift */ = {isa = PBXFileReference; fileEncoding = 4; lastKnownFileType = sourcecode.swift; path = CharactersAPI.swift; sourceTree = "<group>"; };
		939A98A623A7A27000250C7B /* CodableHelper.swift */ = {isa = PBXFileReference; fileEncoding = 4; lastKnownFileType = sourcecode.swift; path = CodableHelper.swift; sourceTree = "<group>"; };
		939A98A723A7A27000250C7B /* JSONEncodableEncoding.swift */ = {isa = PBXFileReference; fileEncoding = 4; lastKnownFileType = sourcecode.swift; path = JSONEncodableEncoding.swift; sourceTree = "<group>"; };
		939A98A823A7A27000250C7B /* APIs.swift */ = {isa = PBXFileReference; fileEncoding = 4; lastKnownFileType = sourcecode.swift; path = APIs.swift; sourceTree = "<group>"; };
		939A98AA23A7A27000250C7B /* Info.swift */ = {isa = PBXFileReference; fileEncoding = 4; lastKnownFileType = sourcecode.swift; path = Info.swift; sourceTree = "<group>"; };
		939A98AB23A7A27000250C7B /* CharactersList.swift */ = {isa = PBXFileReference; fileEncoding = 4; lastKnownFileType = sourcecode.swift; path = CharactersList.swift; sourceTree = "<group>"; };
		939A98AC23A7A27000250C7B /* ModelCharacter.swift */ = {isa = PBXFileReference; fileEncoding = 4; lastKnownFileType = sourcecode.swift; path = ModelCharacter.swift; sourceTree = "<group>"; };
		939A98AD23A7A27000250C7B /* ErrorModel.swift */ = {isa = PBXFileReference; fileEncoding = 4; lastKnownFileType = sourcecode.swift; path = ErrorModel.swift; sourceTree = "<group>"; };
		939A98AE23A7A27000250C7B /* Extensions.swift */ = {isa = PBXFileReference; fileEncoding = 4; lastKnownFileType = sourcecode.swift; path = Extensions.swift; sourceTree = "<group>"; };
		939A98AF23A7A27000250C7B /* JSONEncodingHelper.swift */ = {isa = PBXFileReference; fileEncoding = 4; lastKnownFileType = sourcecode.swift; path = JSONEncodingHelper.swift; sourceTree = "<group>"; };
		939A98B023A7A27000250C7B /* Models.swift */ = {isa = PBXFileReference; fileEncoding = 4; lastKnownFileType = sourcecode.swift; path = Models.swift; sourceTree = "<group>"; };
		939A98B123A7A27000250C7B /* Configuration.swift */ = {isa = PBXFileReference; fileEncoding = 4; lastKnownFileType = sourcecode.swift; path = Configuration.swift; sourceTree = "<group>"; };
		939A98C023A7A2AE00250C7B /* RandomAccessCollectionExtensions.swift */ = {isa = PBXFileReference; lastKnownFileType = sourcecode.swift; path = RandomAccessCollectionExtensions.swift; sourceTree = "<group>"; };
		939A98C323A7A2EC00250C7B /* CharactersListView.swift */ = {isa = PBXFileReference; lastKnownFileType = sourcecode.swift; path = CharactersListView.swift; sourceTree = "<group>"; };
		939A98C823A7A49600250C7B /* CharactersListViewModel.swift */ = {isa = PBXFileReference; lastKnownFileType = sourcecode.swift; path = CharactersListViewModel.swift; sourceTree = "<group>"; };
/* End PBXFileReference section */

/* Begin PBXFrameworksBuildPhase section */
		938290542390C0B7002E6E28 /* Frameworks */ = {
			isa = PBXFrameworksBuildPhase;
			buildActionMask = 2147483647;
			files = (
				938290AA2394C5F7002E6E28 /* BetterSheet in Frameworks */,
				939A98C723A7A3AA00250C7B /* Alamofire in Frameworks */,
			);
			runOnlyForDeploymentPostprocessing = 0;
		};
/* End PBXFrameworksBuildPhase section */

/* Begin PBXGroup section */
		9382904E2390C0B7002E6E28 = {
			isa = PBXGroup;
			children = (
				938290592390C0B7002E6E28 /* OTUSLesson1_SwiftUI */,
				938290582390C0B7002E6E28 /* Products */,
			);
			sourceTree = "<group>";
		};
		938290582390C0B7002E6E28 /* Products */ = {
			isa = PBXGroup;
			children = (
				938290572390C0B7002E6E28 /* OTUSLesson1_SwiftUI.app */,
			);
			name = Products;
			sourceTree = "<group>";
		};
		938290592390C0B7002E6E28 /* OTUSLesson1_SwiftUI */ = {
			isa = PBXGroup;
			children = (
				939A989F23A7A27000250C7B /* OpenAPIClient */,
				938290852390CE60002E6E28 /* Extensions */,
				9382907A2390C735002E6E28 /* Models */,
				938290792390C724002E6E28 /* ViewModels */,
				9382906E2390C0CC002E6E28 /* Views */,
				9382905A2390C0B7002E6E28 /* AppDelegate.swift */,
				9382905C2390C0B7002E6E28 /* SceneDelegate.swift */,
				938290602390C0B9002E6E28 /* Assets.xcassets */,
				938290652390C0B9002E6E28 /* LaunchScreen.storyboard */,
				938290682390C0B9002E6E28 /* Info.plist */,
				938290622390C0B9002E6E28 /* Preview Content */,
			);
			path = OTUSLesson1_SwiftUI;
			sourceTree = "<group>";
		};
		938290622390C0B9002E6E28 /* Preview Content */ = {
			isa = PBXGroup;
			children = (
				938290632390C0B9002E6E28 /* Preview Assets.xcassets */,
			);
			path = "Preview Content";
			sourceTree = "<group>";
		};
		9382906E2390C0CC002E6E28 /* Views */ = {
			isa = PBXGroup;
			children = (
				9382905E2390C0B7002E6E28 /* RootView.swift */,
				9382906F2390C173002E6E28 /* MainTabView.swift */,
				938290712390C1D9002E6E28 /* FirstButtonTabView.swift */,
				938290732390C2C5002E6E28 /* ListTabView.swift */,
				938290752390C3A1002E6E28 /* ModalTabView.swift */,
				938290772390C3DF002E6E28 /* ModalView.swift */,
				938290832390CDC0002E6E28 /* MatchDetailsView.swift */,
				939A98C323A7A2EC00250C7B /* CharactersListView.swift */,
			);
			path = Views;
			sourceTree = "<group>";
		};
		938290792390C724002E6E28 /* ViewModels */ = {
			isa = PBXGroup;
			children = (
				9382907F2390C81C002E6E28 /* MatchesListViewModel.swift */,
				939A98C823A7A49600250C7B /* CharactersListViewModel.swift */,
			);
			path = ViewModels;
			sourceTree = "<group>";
		};
		9382907A2390C735002E6E28 /* Models */ = {
			isa = PBXGroup;
			children = (
				9382907B2390C756002E6E28 /* Match.swift */,
				9382907D2390C7C0002E6E28 /* Statistics.swift */,
			);
			path = Models;
			sourceTree = "<group>";
		};
		938290852390CE60002E6E28 /* Extensions */ = {
			isa = PBXGroup;
			children = (
				938290862390CE6F002E6E28 /* DateExtensions.swift */,
				939A98C023A7A2AE00250C7B /* RandomAccessCollectionExtensions.swift */,
			);
			path = Extensions;
			sourceTree = "<group>";
		};
		939A989F23A7A27000250C7B /* OpenAPIClient */ = {
			isa = PBXGroup;
			children = (
				939A98A023A7A27000250C7B /* Classes */,
			);
			path = OpenAPIClient;
			sourceTree = "<group>";
		};
		939A98A023A7A27000250C7B /* Classes */ = {
			isa = PBXGroup;
			children = (
				939A98A123A7A27000250C7B /* OpenAPIs */,
			);
			path = Classes;
			sourceTree = "<group>";
		};
		939A98A123A7A27000250C7B /* OpenAPIs */ = {
			isa = PBXGroup;
			children = (
				939A98A223A7A27000250C7B /* APIHelper.swift */,
				939A98A323A7A27000250C7B /* AlamofireImplementations.swift */,
				939A98A423A7A27000250C7B /* APIs */,
				939A98A623A7A27000250C7B /* CodableHelper.swift */,
				939A98A723A7A27000250C7B /* JSONEncodableEncoding.swift */,
				939A98A823A7A27000250C7B /* APIs.swift */,
				939A98A923A7A27000250C7B /* Models */,
				939A98AE23A7A27000250C7B /* Extensions.swift */,
				939A98AF23A7A27000250C7B /* JSONEncodingHelper.swift */,
				939A98B023A7A27000250C7B /* Models.swift */,
				939A98B123A7A27000250C7B /* Configuration.swift */,
			);
			path = OpenAPIs;
			sourceTree = "<group>";
		};
		939A98A423A7A27000250C7B /* APIs */ = {
			isa = PBXGroup;
			children = (
				939A98A523A7A27000250C7B /* CharactersAPI.swift */,
			);
			path = APIs;
			sourceTree = "<group>";
		};
		939A98A923A7A27000250C7B /* Models */ = {
			isa = PBXGroup;
			children = (
				939A98AA23A7A27000250C7B /* Info.swift */,
				939A98AB23A7A27000250C7B /* CharactersList.swift */,
				939A98AC23A7A27000250C7B /* ModelCharacter.swift */,
				939A98AD23A7A27000250C7B /* ErrorModel.swift */,
			);
			path = Models;
			sourceTree = "<group>";
		};
/* End PBXGroup section */

/* Begin PBXNativeTarget section */
		938290562390C0B7002E6E28 /* OTUSLesson1_SwiftUI */ = {
			isa = PBXNativeTarget;
			buildConfigurationList = 9382906B2390C0B9002E6E28 /* Build configuration list for PBXNativeTarget "OTUSLesson1_SwiftUI" */;
			buildPhases = (
				938290532390C0B7002E6E28 /* Sources */,
				938290542390C0B7002E6E28 /* Frameworks */,
				938290552390C0B7002E6E28 /* Resources */,
			);
			buildRules = (
			);
			dependencies = (
			);
			name = OTUSLesson1_SwiftUI;
			packageProductDependencies = (
				938290A92394C5F7002E6E28 /* BetterSheet */,
				939A98C623A7A3AA00250C7B /* Alamofire */,
			);
			productName = OTUSLesson1_SwiftUI;
			productReference = 938290572390C0B7002E6E28 /* OTUSLesson1_SwiftUI.app */;
			productType = "com.apple.product-type.application";
		};
/* End PBXNativeTarget section */

/* Begin PBXProject section */
		9382904F2390C0B7002E6E28 /* Project object */ = {
			isa = PBXProject;
			attributes = {
				LastSwiftUpdateCheck = 1120;
				LastUpgradeCheck = 1120;
				ORGANIZATIONNAME = "Scherbinin Andrey";
				TargetAttributes = {
					938290562390C0B7002E6E28 = {
						CreatedOnToolsVersion = 11.2.1;
					};
				};
			};
			buildConfigurationList = 938290522390C0B7002E6E28 /* Build configuration list for PBXProject "OTUSLesson1_SwiftUI" */;
			compatibilityVersion = "Xcode 9.3";
			developmentRegion = en;
			hasScannedForEncodings = 0;
			knownRegions = (
				en,
				Base,
			);
			mainGroup = 9382904E2390C0B7002E6E28;
			packageReferences = (
				938290A82394C5F7002E6E28 /* XCRemoteSwiftPackageReference "BetterSheet" */,
				939A98C523A7A3AA00250C7B /* XCRemoteSwiftPackageReference "Alamofire" */,
			);
			productRefGroup = 938290582390C0B7002E6E28 /* Products */;
			projectDirPath = "";
			projectRoot = "";
			targets = (
				938290562390C0B7002E6E28 /* OTUSLesson1_SwiftUI */,
			);
		};
/* End PBXProject section */

/* Begin PBXResourcesBuildPhase section */
		938290552390C0B7002E6E28 /* Resources */ = {
			isa = PBXResourcesBuildPhase;
			buildActionMask = 2147483647;
			files = (
				938290672390C0B9002E6E28 /* LaunchScreen.storyboard in Resources */,
				938290642390C0B9002E6E28 /* Preview Assets.xcassets in Resources */,
				938290612390C0B9002E6E28 /* Assets.xcassets in Resources */,
			);
			runOnlyForDeploymentPostprocessing = 0;
		};
/* End PBXResourcesBuildPhase section */

/* Begin PBXSourcesBuildPhase section */
		938290532390C0B7002E6E28 /* Sources */ = {
			isa = PBXSourcesBuildPhase;
			buildActionMask = 2147483647;
			files = (
				939A98B623A7A27000250C7B /* JSONEncodableEncoding.swift in Sources */,
				939A98BE23A7A27000250C7B /* Models.swift in Sources */,
				939A98B223A7A27000250C7B /* APIHelper.swift in Sources */,
				938290742390C2C5002E6E28 /* ListTabView.swift in Sources */,
				9382907C2390C756002E6E28 /* Match.swift in Sources */,
				938290722390C1D9002E6E28 /* FirstButtonTabView.swift in Sources */,
				939A98B723A7A27000250C7B /* APIs.swift in Sources */,
				938290842390CDC0002E6E28 /* MatchDetailsView.swift in Sources */,
				938290802390C81C002E6E28 /* MatchesListViewModel.swift in Sources */,
				939A98BB23A7A27000250C7B /* ErrorModel.swift in Sources */,
				938290782390C3DF002E6E28 /* ModalView.swift in Sources */,
				938290762390C3A1002E6E28 /* ModalTabView.swift in Sources */,
				939A98B423A7A27000250C7B /* CharactersAPI.swift in Sources */,
				9382905B2390C0B7002E6E28 /* AppDelegate.swift in Sources */,
				939A98B323A7A27000250C7B /* AlamofireImplementations.swift in Sources */,
				939A98B823A7A27000250C7B /* Info.swift in Sources */,
				939A98C423A7A2EC00250C7B /* CharactersListView.swift in Sources */,
				939A98C123A7A2AE00250C7B /* RandomAccessCollectionExtensions.swift in Sources */,
				9382905D2390C0B7002E6E28 /* SceneDelegate.swift in Sources */,
				939A98B523A7A27000250C7B /* CodableHelper.swift in Sources */,
				939A98B923A7A27000250C7B /* CharactersList.swift in Sources */,
				939A98BD23A7A27000250C7B /* JSONEncodingHelper.swift in Sources */,
				939A98BA23A7A27000250C7B /* ModelCharacter.swift in Sources */,
				939A98BF23A7A27000250C7B /* Configuration.swift in Sources */,
				939A98C923A7A49600250C7B /* CharactersListViewModel.swift in Sources */,
				939A98BC23A7A27000250C7B /* Extensions.swift in Sources */,
				9382905F2390C0B7002E6E28 /* RootView.swift in Sources */,
				9382907E2390C7C0002E6E28 /* Statistics.swift in Sources */,
				938290702390C173002E6E28 /* MainTabView.swift in Sources */,
				938290872390CE6F002E6E28 /* DateExtensions.swift in Sources */,
			);
			runOnlyForDeploymentPostprocessing = 0;
		};
/* End PBXSourcesBuildPhase section */

/* Begin PBXVariantGroup section */
		938290652390C0B9002E6E28 /* LaunchScreen.storyboard */ = {
			isa = PBXVariantGroup;
			children = (
				938290662390C0B9002E6E28 /* Base */,
			);
			name = LaunchScreen.storyboard;
			sourceTree = "<group>";
		};
/* End PBXVariantGroup section */

/* Begin XCBuildConfiguration section */
		938290692390C0B9002E6E28 /* Debug */ = {
			isa = XCBuildConfiguration;
			buildSettings = {
				ALWAYS_SEARCH_USER_PATHS = NO;
				CLANG_ANALYZER_NONNULL = YES;
				CLANG_ANALYZER_NUMBER_OBJECT_CONVERSION = YES_AGGRESSIVE;
				CLANG_CXX_LANGUAGE_STANDARD = "gnu++14";
				CLANG_CXX_LIBRARY = "libc++";
				CLANG_ENABLE_MODULES = YES;
				CLANG_ENABLE_OBJC_ARC = YES;
				CLANG_ENABLE_OBJC_WEAK = YES;
				CLANG_WARN_BLOCK_CAPTURE_AUTORELEASING = YES;
				CLANG_WARN_BOOL_CONVERSION = YES;
				CLANG_WARN_COMMA = YES;
				CLANG_WARN_CONSTANT_CONVERSION = YES;
				CLANG_WARN_DEPRECATED_OBJC_IMPLEMENTATIONS = YES;
				CLANG_WARN_DIRECT_OBJC_ISA_USAGE = YES_ERROR;
				CLANG_WARN_DOCUMENTATION_COMMENTS = YES;
				CLANG_WARN_EMPTY_BODY = YES;
				CLANG_WARN_ENUM_CONVERSION = YES;
				CLANG_WARN_INFINITE_RECURSION = YES;
				CLANG_WARN_INT_CONVERSION = YES;
				CLANG_WARN_NON_LITERAL_NULL_CONVERSION = YES;
				CLANG_WARN_OBJC_IMPLICIT_RETAIN_SELF = YES;
				CLANG_WARN_OBJC_LITERAL_CONVERSION = YES;
				CLANG_WARN_OBJC_ROOT_CLASS = YES_ERROR;
				CLANG_WARN_RANGE_LOOP_ANALYSIS = YES;
				CLANG_WARN_STRICT_PROTOTYPES = YES;
				CLANG_WARN_SUSPICIOUS_MOVE = YES;
				CLANG_WARN_UNGUARDED_AVAILABILITY = YES_AGGRESSIVE;
				CLANG_WARN_UNREACHABLE_CODE = YES;
				CLANG_WARN__DUPLICATE_METHOD_MATCH = YES;
				COPY_PHASE_STRIP = NO;
				DEBUG_INFORMATION_FORMAT = dwarf;
				ENABLE_STRICT_OBJC_MSGSEND = YES;
				ENABLE_TESTABILITY = YES;
				GCC_C_LANGUAGE_STANDARD = gnu11;
				GCC_DYNAMIC_NO_PIC = NO;
				GCC_NO_COMMON_BLOCKS = YES;
				GCC_OPTIMIZATION_LEVEL = 0;
				GCC_PREPROCESSOR_DEFINITIONS = (
					"DEBUG=1",
					"$(inherited)",
				);
				GCC_WARN_64_TO_32_BIT_CONVERSION = YES;
				GCC_WARN_ABOUT_RETURN_TYPE = YES_ERROR;
				GCC_WARN_UNDECLARED_SELECTOR = YES;
				GCC_WARN_UNINITIALIZED_AUTOS = YES_AGGRESSIVE;
				GCC_WARN_UNUSED_FUNCTION = YES;
				GCC_WARN_UNUSED_VARIABLE = YES;
				IPHONEOS_DEPLOYMENT_TARGET = 13.2;
				MTL_ENABLE_DEBUG_INFO = INCLUDE_SOURCE;
				MTL_FAST_MATH = YES;
				ONLY_ACTIVE_ARCH = YES;
				SDKROOT = iphoneos;
				SWIFT_ACTIVE_COMPILATION_CONDITIONS = DEBUG;
				SWIFT_OPTIMIZATION_LEVEL = "-Onone";
			};
			name = Debug;
		};
		9382906A2390C0B9002E6E28 /* Release */ = {
			isa = XCBuildConfiguration;
			buildSettings = {
				ALWAYS_SEARCH_USER_PATHS = NO;
				CLANG_ANALYZER_NONNULL = YES;
				CLANG_ANALYZER_NUMBER_OBJECT_CONVERSION = YES_AGGRESSIVE;
				CLANG_CXX_LANGUAGE_STANDARD = "gnu++14";
				CLANG_CXX_LIBRARY = "libc++";
				CLANG_ENABLE_MODULES = YES;
				CLANG_ENABLE_OBJC_ARC = YES;
				CLANG_ENABLE_OBJC_WEAK = YES;
				CLANG_WARN_BLOCK_CAPTURE_AUTORELEASING = YES;
				CLANG_WARN_BOOL_CONVERSION = YES;
				CLANG_WARN_COMMA = YES;
				CLANG_WARN_CONSTANT_CONVERSION = YES;
				CLANG_WARN_DEPRECATED_OBJC_IMPLEMENTATIONS = YES;
				CLANG_WARN_DIRECT_OBJC_ISA_USAGE = YES_ERROR;
				CLANG_WARN_DOCUMENTATION_COMMENTS = YES;
				CLANG_WARN_EMPTY_BODY = YES;
				CLANG_WARN_ENUM_CONVERSION = YES;
				CLANG_WARN_INFINITE_RECURSION = YES;
				CLANG_WARN_INT_CONVERSION = YES;
				CLANG_WARN_NON_LITERAL_NULL_CONVERSION = YES;
				CLANG_WARN_OBJC_IMPLICIT_RETAIN_SELF = YES;
				CLANG_WARN_OBJC_LITERAL_CONVERSION = YES;
				CLANG_WARN_OBJC_ROOT_CLASS = YES_ERROR;
				CLANG_WARN_RANGE_LOOP_ANALYSIS = YES;
				CLANG_WARN_STRICT_PROTOTYPES = YES;
				CLANG_WARN_SUSPICIOUS_MOVE = YES;
				CLANG_WARN_UNGUARDED_AVAILABILITY = YES_AGGRESSIVE;
				CLANG_WARN_UNREACHABLE_CODE = YES;
				CLANG_WARN__DUPLICATE_METHOD_MATCH = YES;
				COPY_PHASE_STRIP = NO;
				DEBUG_INFORMATION_FORMAT = "dwarf-with-dsym";
				ENABLE_NS_ASSERTIONS = NO;
				ENABLE_STRICT_OBJC_MSGSEND = YES;
				GCC_C_LANGUAGE_STANDARD = gnu11;
				GCC_NO_COMMON_BLOCKS = YES;
				GCC_WARN_64_TO_32_BIT_CONVERSION = YES;
				GCC_WARN_ABOUT_RETURN_TYPE = YES_ERROR;
				GCC_WARN_UNDECLARED_SELECTOR = YES;
				GCC_WARN_UNINITIALIZED_AUTOS = YES_AGGRESSIVE;
				GCC_WARN_UNUSED_FUNCTION = YES;
				GCC_WARN_UNUSED_VARIABLE = YES;
				IPHONEOS_DEPLOYMENT_TARGET = 13.2;
				MTL_ENABLE_DEBUG_INFO = NO;
				MTL_FAST_MATH = YES;
				SDKROOT = iphoneos;
				SWIFT_COMPILATION_MODE = wholemodule;
				SWIFT_OPTIMIZATION_LEVEL = "-O";
				VALIDATE_PRODUCT = YES;
			};
			name = Release;
		};
		9382906C2390C0B9002E6E28 /* Debug */ = {
			isa = XCBuildConfiguration;
			buildSettings = {
				ASSETCATALOG_COMPILER_APPICON_NAME = AppIcon;
				CODE_SIGN_STYLE = Automatic;
				DEVELOPMENT_ASSET_PATHS = "\"OTUSLesson1_SwiftUI/Preview Content\"";
				DEVELOPMENT_TEAM = 8PCTL6TV7M;
				ENABLE_PREVIEWS = YES;
				INFOPLIST_FILE = OTUSLesson1_SwiftUI/Info.plist;
				LD_RUNPATH_SEARCH_PATHS = (
					"$(inherited)",
					"@executable_path/Frameworks",
				);
				PRODUCT_BUNDLE_IDENTIFIER = "com.ascherbinin.OTUSLesson1-SwiftUI";
				PRODUCT_NAME = "$(TARGET_NAME)";
				SWIFT_VERSION = 5.0;
				TARGETED_DEVICE_FAMILY = "1,2";
			};
			name = Debug;
		};
		9382906D2390C0B9002E6E28 /* Release */ = {
			isa = XCBuildConfiguration;
			buildSettings = {
				ASSETCATALOG_COMPILER_APPICON_NAME = AppIcon;
				CODE_SIGN_STYLE = Automatic;
				DEVELOPMENT_ASSET_PATHS = "\"OTUSLesson1_SwiftUI/Preview Content\"";
				DEVELOPMENT_TEAM = 8PCTL6TV7M;
				ENABLE_PREVIEWS = YES;
				INFOPLIST_FILE = OTUSLesson1_SwiftUI/Info.plist;
				LD_RUNPATH_SEARCH_PATHS = (
					"$(inherited)",
					"@executable_path/Frameworks",
				);
				PRODUCT_BUNDLE_IDENTIFIER = "com.ascherbinin.OTUSLesson1-SwiftUI";
				PRODUCT_NAME = "$(TARGET_NAME)";
				SWIFT_VERSION = 5.0;
				TARGETED_DEVICE_FAMILY = "1,2";
			};
			name = Release;
		};
/* End XCBuildConfiguration section */

/* Begin XCConfigurationList section */
		938290522390C0B7002E6E28 /* Build configuration list for PBXProject "OTUSLesson1_SwiftUI" */ = {
			isa = XCConfigurationList;
			buildConfigurations = (
				938290692390C0B9002E6E28 /* Debug */,
				9382906A2390C0B9002E6E28 /* Release */,
			);
			defaultConfigurationIsVisible = 0;
			defaultConfigurationName = Release;
		};
		9382906B2390C0B9002E6E28 /* Build configuration list for PBXNativeTarget "OTUSLesson1_SwiftUI" */ = {
			isa = XCConfigurationList;
			buildConfigurations = (
				9382906C2390C0B9002E6E28 /* Debug */,
				9382906D2390C0B9002E6E28 /* Release */,
			);
			defaultConfigurationIsVisible = 0;
			defaultConfigurationName = Release;
		};
/* End XCConfigurationList section */

/* Begin XCRemoteSwiftPackageReference section */
		938290A82394C5F7002E6E28 /* XCRemoteSwiftPackageReference "BetterSheet" */ = {
			isa = XCRemoteSwiftPackageReference;
			repositoryURL = "https://github.com/egeniq/BetterSheet.git";
			requirement = {
				kind = upToNextMajorVersion;
				minimumVersion = 1.0.0;
			};
		};
		939A98C523A7A3AA00250C7B /* XCRemoteSwiftPackageReference "Alamofire" */ = {
			isa = XCRemoteSwiftPackageReference;
			repositoryURL = "https://github.com/Alamofire/Alamofire.git";
			requirement = {
				kind = upToNextMajorVersion;
				minimumVersion = 4.9.1;
			};
		};
/* End XCRemoteSwiftPackageReference section */

/* Begin XCSwiftPackageProductDependency section */
		938290A92394C5F7002E6E28 /* BetterSheet */ = {
			isa = XCSwiftPackageProductDependency;
			package = 938290A82394C5F7002E6E28 /* XCRemoteSwiftPackageReference "BetterSheet" */;
			productName = BetterSheet;
		};
		939A98C623A7A3AA00250C7B /* Alamofire */ = {
			isa = XCSwiftPackageProductDependency;
			package = 939A98C523A7A3AA00250C7B /* XCRemoteSwiftPackageReference "Alamofire" */;
			productName = Alamofire;
		};
/* End XCSwiftPackageProductDependency section */
	};
	rootObject = 9382904F2390C0B7002E6E28 /* Project object */;
}
